
Microsoft Visual Studio Solution File, Format Version 12.00
# Visual Studio Version 16
VisualStudioVersion = 16.0.30406.217
MinimumVisualStudioVersion = 10.0.40219.1
Project("{FAE04EC0-301F-11D3-BF4B-00C04F79EFBC}") = "Lab1", "Lab1\Lab1.csproj", "{854A2AF1-AEB8-4802-B52C-CBFE5DA7B86F}"
EndProject
Global
	GlobalSection(SolutionConfigurationPlatforms) = preSolution
		Debug|Any CPU = Debug|Any CPU
		Release|Any CPU = Release|Any CPU
	EndGlobalSection
	GlobalSection(ProjectConfigurationPlatforms) = postSolution
		{854A2AF1-AEB8-4802-B52C-CBFE5DA7B86F}.Debug|Any CPU.ActiveCfg = Debug|Any CPU
		{854A2AF1-AEB8-4802-B52C-CBFE5DA7B86F}.Debug|Any CPU.Build.0 = Debug|Any CPU
		{854A2AF1-AEB8-4802-B52C-CBFE5DA7B86F}.Release|Any CPU.ActiveCfg = Release|Any CPU
		{854A2AF1-AEB8-4802-B52C-CBFE5DA7B86F}.Release|Any CPU.Build.0 = Release|Any CPU
	EndGlobalSection
	GlobalSection(SolutionProperties) = preSolution
		HideSolutionNode = FALSE
	EndGlobalSection
	GlobalSection(ExtensibilityGlobals) = postSolution
		SolutionGuid = {256C750B-09E2-42E7-B397-723CFBAE844C}
	EndGlobalSection
EndGlobal
